Microsoft Visual Studio Solution File, Format Version 11.00
# Visual Studio 2008

Project("{295B2D0F-6926-F17C-5C7B-8CDD79826205}") = "HoloHouse", "Assembly-CSharp.csproj", "{909344A5-495D-D700-8A6C-F92A6E75EB33}"
EndProject
Global
	GlobalSection(SolutionConfigurationPlatforms) = preSolution
		Debug|Any CPU = Debug|Any CPU
		Release|Any CPU = Release|Any CPU
	EndGlobalSection
	GlobalSection(ProjectConfigurationPlatforms) = postSolution
		{909344A5-495D-D700-8A6C-F92A6E75EB33}.Debug|Any CPU.ActiveCfg = Debug|Any CPU
		{909344A5-495D-D700-8A6C-F92A6E75EB33}.Debug|Any CPU.Build.0 = Debug|Any CPU
		{909344A5-495D-D700-8A6C-F92A6E75EB33}.Release|Any CPU.ActiveCfg = Release|Any CPU
		{909344A5-495D-D700-8A6C-F92A6E75EB33}.Release|Any CPU.Build.0 = Release|Any CPU
	EndGlobalSection
	GlobalSection(SolutionProperties) = preSolution
		HideSolutionNode = FALSE
	EndGlobalSection
	GlobalSection(MonoDevelopProperties) = preSolution
		StartupItem = Assembly-CSharp.csproj
	EndGlobalSection
EndGlobal
